
Microsoft Visual Studio Solution File, Format Version 12.00
# Visual Studio Version 16
VisualStudioVersion = 16.0.30105.148
MinimumVisualStudioVersion = 10.0.40219.1
Project("{888888A0-9F3D-457C-B088-3A5042F75D52}") = "rpi-weatherstation", "rpi-weatherstation.pyproj", "{DB664A26-226B-453B-8710-F7C08B05BC43}"
EndProject
Global
	GlobalSection(SolutionConfigurationPlatforms) = preSolution
		Debug|Any CPU = Debug|Any CPU
		Release|Any CPU = Release|Any CPU
	EndGlobalSection
	GlobalSection(ProjectConfigurationPlatforms) = postSolution
		{DB664A26-226B-453B-8710-F7C08B05BC43}.Debug|Any CPU.ActiveCfg = Debug|Any CPU
		{DB664A26-226B-453B-8710-F7C08B05BC43}.Release|Any CPU.ActiveCfg = Release|Any CPU
	EndGlobalSection
	GlobalSection(SolutionProperties) = preSolution
		HideSolutionNode = FALSE
	EndGlobalSection
	GlobalSection(ExtensibilityGlobals) = postSolution
		SolutionGuid = {DCAF1F17-A386-4B6B-A37D-CCBB0675DA30}
	EndGlobalSection
EndGlobal
